
Microsoft Visual Studio Solution File, Format Version 12.00
# Visual Studio Version 17
VisualStudioVersion = 17.11.35327.3
MinimumVisualStudioVersion = 10.0.40219.1
Project("{2150E333-8FDC-42A3-9474-1A3956D46DE8}") = "src", "src", "{5F8A7CBA-DFF5-4C58-8A96-C9D1E3A4274F}"
EndProject
Project("{2150E333-8FDC-42A3-9474-1A3956D46DE8}") = "services", "services", "{FE74AC1B-B0F8-400C-B368-0B7BAB7C392E}"
EndProject
Project("{2150E333-8FDC-42A3-9474-1A3956D46DE8}") = "consumers", "consumers", "{1A95ADD5-817D-478D-887F-58D743247BBD}"
EndProject
Project("{9A19103F-16F7-4668-BE54-9A1E7A4F7556}") = "Ecommerce.Order.Created.Consumer", "src\consumers\Ecommerce.Order.Created.Consumer\Ecommerce.Order.Created.Consumer.csproj", "{A50EC270-3A38-4D9B-A048-398853DDC3BC}"
EndProject
Project("{9A19103F-16F7-4668-BE54-9A1E7A4F7556}") = "Ecommerce.Stock.Updated.Consumer", "src\consumers\Ecommerce.Stock.Updated.Consumer\Ecommerce.Stock.Updated.Consumer.csproj", "{98CAFD3B-EB34-4709-A125-073091BA17AD}"
EndProject
Project("{9A19103F-16F7-4668-BE54-9A1E7A4F7556}") = "Ecommerce.Notification.Log.Consumer", "src\consumers\Ecommerce.Notification.Log.Consumer\Ecommerce.Notification.Log.Consumer.csproj", "{EC882235-9D1F-44B6-BDE2-822A6858A33C}"
EndProject
Project("{2150E333-8FDC-42A3-9474-1A3956D46DE8}") = "order", "order", "{9D895BD4-EB39-4B02-AD16-41CF0446FA61}"
EndProject
Project("{2150E333-8FDC-42A3-9474-1A3956D46DE8}") = "notification", "notification", "{5871EE16-2E36-42F4-9C95-EBD1E95B1D40}"
EndProject
Project("{2150E333-8FDC-42A3-9474-1A3956D46DE8}") = "stock", "stock", "{AF3A9BF9-E342-41FF-B42A-C089DE60CE75}"
EndProject
Project("{2150E333-8FDC-42A3-9474-1A3956D46DE8}") = "publisher", "publisher", "{8C66748B-11B8-4AA9-86CB-FCC2396C6B91}"
EndProject
Project("{2150E333-8FDC-42A3-9474-1A3956D46DE8}") = "gateway", "gateway", "{95467543-2486-4FF1-8A15-6092D4EEE959}"
EndProject
Project("{9A19103F-16F7-4668-BE54-9A1E7A4F7556}") = "Ecommerce.Gateway.API", "src\services\gateway\Ecommerce.Gateway.API\Ecommerce.Gateway.API.csproj", "{DE108F38-A39A-4090-9B30-EE1E043D0477}"
EndProject
Project("{9A19103F-16F7-4668-BE54-9A1E7A4F7556}") = "Ecommerce.Notification.API", "src\services\notification\Ecommerce.Notification.API\Ecommerce.Notification.API.csproj", "{037633B4-174B-49BA-8009-8AE2B5A795C5}"
EndProject
Project("{9A19103F-16F7-4668-BE54-9A1E7A4F7556}") = "Ecommerce.Order.API", "src\services\order\Ecommerce.Order.API\Ecommerce.Order.API.csproj", "{4FD02A32-0B03-49D6-8236-7B908C3AC91B}"
EndProject
Project("{9A19103F-16F7-4668-BE54-9A1E7A4F7556}") = "Ecommerce.Publisher.API", "src\services\publisher\Ecommerce.Publisher.API\Ecommerce.Publisher.API.csproj", "{8787379B-E6D9-4B56-BE12-21A9F7F11606}"
EndProject
Project("{9A19103F-16F7-4668-BE54-9A1E7A4F7556}") = "Ecommerce.Stock.API", "src\services\stock\Ecommerce.Stock.API\Ecommerce.Stock.API.csproj", "{B6125D6B-0C35-4FAE-94AA-F476394387F3}"
EndProject
Project("{2150E333-8FDC-42A3-9474-1A3956D46DE8}") = "clients", "clients", "{F522A8DB-11DA-4BEF-8E0E-C57625D8A17C}"
EndProject
Project("{9A19103F-16F7-4668-BE54-9A1E7A4F7556}") = "Ecommerce.Publisher.API.Client", "src\clients\Ecommerce.Publisher.API.Client\Ecommerce.Publisher.API.Client.csproj", "{88C402C2-74B2-4554-96AC-9539A74F7312}"
EndProject
Project("{2150E333-8FDC-42A3-9474-1A3956D46DE8}") = "Base", "Base", "{FD13F9C0-D2EE-4B2B-9CC4-FFEF5F671086}"
EndProject
Project("{9A19103F-16F7-4668-BE54-9A1E7A4F7556}") = "Ecommerce.Base.Client", "src\clients\Ecommerce.Base.Client\Ecommerce.Base.Client.csproj", "{00B44759-5503-4695-A6AD-1122C0F24286}"
EndProject
Project("{2150E333-8FDC-42A3-9474-1A3956D46DE8}") = "base", "base", "{711D3975-468E-4929-BA52-B564F0FB9C8A}"
EndProject
Project("{9A19103F-16F7-4668-BE54-9A1E7A4F7556}") = "Ecommerce.EntityFrameworkCore", "src\base\Ecommerce.EntityFrameworkCore\Ecommerce.EntityFrameworkCore.csproj", "{B19786FD-A6EC-4018-96E6-B817720172D6}"
EndProject
Project("{9A19103F-16F7-4668-BE54-9A1E7A4F7556}") = "Ecommerce.Order.API.Client", "src\clients\Ecommerce.Order.API.Client\Ecommerce.Order.API.Client.csproj", "{A10BEABE-735E-4D38-98E6-25625537581F}"
EndProject
Project("{9A19103F-16F7-4668-BE54-9A1E7A4F7556}") = "Ecommerce.Stock.API.Client", "src\clients\Ecommerce.Stock.API.Client\Ecommerce.Stock.API.Client.csproj", "{E924AB6E-7CEF-43F4-A113-061B79F0F2CE}"
EndProject
Project("{FAE04EC0-301F-11D3-BF4B-00C04F79EFBC}") = "Ecommerce.Notification.API.Client", "src\clients\Ecommerce.Notification.API.Client\Ecommerce.Notification.API.Client.csproj", "{EDD3875C-0D3A-4332-9549-ADF850614759}"
EndProject
Project("{FAE04EC0-301F-11D3-BF4B-00C04F79EFBC}") = "Ecommerce.Gateway.API.Client", "src\clients\Ecommerce.Gateway.API.Client\Ecommerce.Gateway.API.Client.csproj", "{11F61FC3-A65C-44F0-9D03-6FDE8F0BF0A7}"
EndProject
Global
	GlobalSection(SolutionConfigurationPlatforms) = preSolution
		Debug|Any CPU = Debug|Any CPU
		Release|Any CPU = Release|Any CPU
	EndGlobalSection
	GlobalSection(ProjectConfigurationPlatforms) = postSolution
		{A50EC270-3A38-4D9B-A048-398853DDC3BC}.Debug|Any CPU.ActiveCfg = Debug|Any CPU
		{A50EC270-3A38-4D9B-A048-398853DDC3BC}.Debug|Any CPU.Build.0 = Debug|Any CPU
		{A50EC270-3A38-4D9B-A048-398853DDC3BC}.Release|Any CPU.ActiveCfg = Release|Any CPU
		{A50EC270-3A38-4D9B-A048-398853DDC3BC}.Release|Any CPU.Build.0 = Release|Any CPU
		{98CAFD3B-EB34-4709-A125-073091BA17AD}.Debug|Any CPU.ActiveCfg = Debug|Any CPU
		{98CAFD3B-EB34-4709-A125-073091BA17AD}.Debug|Any CPU.Build.0 = Debug|Any CPU
		{98CAFD3B-EB34-4709-A125-073091BA17AD}.Release|Any CPU.ActiveCfg = Release|Any CPU
		{98CAFD3B-EB34-4709-A125-073091BA17AD}.Release|Any CPU.Build.0 = Release|Any CPU
		{EC882235-9D1F-44B6-BDE2-822A6858A33C}.Debug|Any CPU.ActiveCfg = Debug|Any CPU
		{EC882235-9D1F-44B6-BDE2-822A6858A33C}.Debug|Any CPU.Build.0 = Debug|Any CPU
		{EC882235-9D1F-44B6-BDE2-822A6858A33C}.Release|Any CPU.ActiveCfg = Release|Any CPU
		{EC882235-9D1F-44B6-BDE2-822A6858A33C}.Release|Any CPU.Build.0 = Release|Any CPU
		{DE108F38-A39A-4090-9B30-EE1E043D0477}.Debug|Any CPU.ActiveCfg = Debug|Any CPU
		{DE108F38-A39A-4090-9B30-EE1E043D0477}.Debug|Any CPU.Build.0 = Debug|Any CPU
		{DE108F38-A39A-4090-9B30-EE1E043D0477}.Release|Any CPU.ActiveCfg = Release|Any CPU
		{DE108F38-A39A-4090-9B30-EE1E043D0477}.Release|Any CPU.Build.0 = Release|Any CPU
		{037633B4-174B-49BA-8009-8AE2B5A795C5}.Debug|Any CPU.ActiveCfg = Debug|Any CPU
		{037633B4-174B-49BA-8009-8AE2B5A795C5}.Debug|Any CPU.Build.0 = Debug|Any CPU
		{037633B4-174B-49BA-8009-8AE2B5A795C5}.Release|Any CPU.ActiveCfg = Release|Any CPU
		{037633B4-174B-49BA-8009-8AE2B5A795C5}.Release|Any CPU.Build.0 = Release|Any CPU
		{4FD02A32-0B03-49D6-8236-7B908C3AC91B}.Debug|Any CPU.ActiveCfg = Debug|Any CPU
		{4FD02A32-0B03-49D6-8236-7B908C3AC91B}.Debug|Any CPU.Build.0 = Debug|Any CPU
		{4FD02A32-0B03-49D6-8236-7B908C3AC91B}.Release|Any CPU.ActiveCfg = Release|Any CPU
		{4FD02A32-0B03-49D6-8236-7B908C3AC91B}.Release|Any CPU.Build.0 = Release|Any CPU
		{8787379B-E6D9-4B56-BE12-21A9F7F11606}.Debug|Any CPU.ActiveCfg = Debug|Any CPU
		{8787379B-E6D9-4B56-BE12-21A9F7F11606}.Debug|Any CPU.Build.0 = Debug|Any CPU
		{8787379B-E6D9-4B56-BE12-21A9F7F11606}.Release|Any CPU.ActiveCfg = Release|Any CPU
		{8787379B-E6D9-4B56-BE12-21A9F7F11606}.Release|Any CPU.Build.0 = Release|Any CPU
		{B6125D6B-0C35-4FAE-94AA-F476394387F3}.Debug|Any CPU.ActiveCfg = Debug|Any CPU
		{B6125D6B-0C35-4FAE-94AA-F476394387F3}.Debug|Any CPU.Build.0 = Debug|Any CPU
		{B6125D6B-0C35-4FAE-94AA-F476394387F3}.Release|Any CPU.ActiveCfg = Release|Any CPU
		{B6125D6B-0C35-4FAE-94AA-F476394387F3}.Release|Any CPU.Build.0 = Release|Any CPU
		{88C402C2-74B2-4554-96AC-9539A74F7312}.Debug|Any CPU.ActiveCfg = Debug|Any CPU
		{88C402C2-74B2-4554-96AC-9539A74F7312}.Debug|Any CPU.Build.0 = Debug|Any CPU
		{88C402C2-74B2-4554-96AC-9539A74F7312}.Release|Any CPU.ActiveCfg = Release|Any CPU
		{88C402C2-74B2-4554-96AC-9539A74F7312}.Release|Any CPU.Build.0 = Release|Any CPU
		{00B44759-5503-4695-A6AD-1122C0F24286}.Debug|Any CPU.ActiveCfg = Debug|Any CPU
		{00B44759-5503-4695-A6AD-1122C0F24286}.Debug|Any CPU.Build.0 = Debug|Any CPU
		{00B44759-5503-4695-A6AD-1122C0F24286}.Release|Any CPU.ActiveCfg = Release|Any CPU
		{00B44759-5503-4695-A6AD-1122C0F24286}.Release|Any CPU.Build.0 = Release|Any CPU
		{B19786FD-A6EC-4018-96E6-B817720172D6}.Debug|Any CPU.ActiveCfg = Debug|Any CPU
		{B19786FD-A6EC-4018-96E6-B817720172D6}.Debug|Any CPU.Build.0 = Debug|Any CPU
		{B19786FD-A6EC-4018-96E6-B817720172D6}.Release|Any CPU.ActiveCfg = Release|Any CPU
		{B19786FD-A6EC-4018-96E6-B817720172D6}.Release|Any CPU.Build.0 = Release|Any CPU
		{A10BEABE-735E-4D38-98E6-25625537581F}.Debug|Any CPU.ActiveCfg = Debug|Any CPU
		{A10BEABE-735E-4D38-98E6-25625537581F}.Debug|Any CPU.Build.0 = Debug|Any CPU
		{A10BEABE-735E-4D38-98E6-25625537581F}.Release|Any CPU.ActiveCfg = Release|Any CPU
		{A10BEABE-735E-4D38-98E6-25625537581F}.Release|Any CPU.Build.0 = Release|Any CPU
		{E924AB6E-7CEF-43F4-A113-061B79F0F2CE}.Debug|Any CPU.ActiveCfg = Debug|Any CPU
		{E924AB6E-7CEF-43F4-A113-061B79F0F2CE}.Debug|Any CPU.Build.0 = Debug|Any CPU
		{E924AB6E-7CEF-43F4-A113-061B79F0F2CE}.Release|Any CPU.ActiveCfg = Release|Any CPU
		{E924AB6E-7CEF-43F4-A113-061B79F0F2CE}.Release|Any CPU.Build.0 = Release|Any CPU
		{EDD3875C-0D3A-4332-9549-ADF850614759}.Debug|Any CPU.ActiveCfg = Debug|Any CPU
		{EDD3875C-0D3A-4332-9549-ADF850614759}.Debug|Any CPU.Build.0 = Debug|Any CPU
		{EDD3875C-0D3A-4332-9549-ADF850614759}.Release|Any CPU.ActiveCfg = Release|Any CPU
		{EDD3875C-0D3A-4332-9549-ADF850614759}.Release|Any CPU.Build.0 = Release|Any CPU
		{11F61FC3-A65C-44F0-9D03-6FDE8F0BF0A7}.Debug|Any CPU.ActiveCfg = Debug|Any CPU
		{11F61FC3-A65C-44F0-9D03-6FDE8F0BF0A7}.Debug|Any CPU.Build.0 = Debug|Any CPU
		{11F61FC3-A65C-44F0-9D03-6FDE8F0BF0A7}.Release|Any CPU.ActiveCfg = Release|Any CPU
		{11F61FC3-A65C-44F0-9D03-6FDE8F0BF0A7}.Release|Any CPU.Build.0 = Release|Any CPU
	EndGlobalSection
	GlobalSection(SolutionProperties) = preSolution
		HideSolutionNode = FALSE
	EndGlobalSection
	GlobalSection(NestedProjects) = preSolution
		{FE74AC1B-B0F8-400C-B368-0B7BAB7C392E} = {5F8A7CBA-DFF5-4C58-8A96-C9D1E3A4274F}
		{1A95ADD5-817D-478D-887F-58D743247BBD} = {5F8A7CBA-DFF5-4C58-8A96-C9D1E3A4274F}
		{A50EC270-3A38-4D9B-A048-398853DDC3BC} = {1A95ADD5-817D-478D-887F-58D743247BBD}
		{98CAFD3B-EB34-4709-A125-073091BA17AD} = {1A95ADD5-817D-478D-887F-58D743247BBD}
		{EC882235-9D1F-44B6-BDE2-822A6858A33C} = {1A95ADD5-817D-478D-887F-58D743247BBD}
		{9D895BD4-EB39-4B02-AD16-41CF0446FA61} = {FE74AC1B-B0F8-400C-B368-0B7BAB7C392E}
		{5871EE16-2E36-42F4-9C95-EBD1E95B1D40} = {FE74AC1B-B0F8-400C-B368-0B7BAB7C392E}
		{AF3A9BF9-E342-41FF-B42A-C089DE60CE75} = {FE74AC1B-B0F8-400C-B368-0B7BAB7C392E}
		{8C66748B-11B8-4AA9-86CB-FCC2396C6B91} = {FE74AC1B-B0F8-400C-B368-0B7BAB7C392E}
		{95467543-2486-4FF1-8A15-6092D4EEE959} = {FE74AC1B-B0F8-400C-B368-0B7BAB7C392E}
		{DE108F38-A39A-4090-9B30-EE1E043D0477} = {95467543-2486-4FF1-8A15-6092D4EEE959}
		{037633B4-174B-49BA-8009-8AE2B5A795C5} = {5871EE16-2E36-42F4-9C95-EBD1E95B1D40}
		{4FD02A32-0B03-49D6-8236-7B908C3AC91B} = {9D895BD4-EB39-4B02-AD16-41CF0446FA61}
		{8787379B-E6D9-4B56-BE12-21A9F7F11606} = {8C66748B-11B8-4AA9-86CB-FCC2396C6B91}
		{B6125D6B-0C35-4FAE-94AA-F476394387F3} = {AF3A9BF9-E342-41FF-B42A-C089DE60CE75}
		{F522A8DB-11DA-4BEF-8E0E-C57625D8A17C} = {5F8A7CBA-DFF5-4C58-8A96-C9D1E3A4274F}
		{88C402C2-74B2-4554-96AC-9539A74F7312} = {F522A8DB-11DA-4BEF-8E0E-C57625D8A17C}
		{FD13F9C0-D2EE-4B2B-9CC4-FFEF5F671086} = {F522A8DB-11DA-4BEF-8E0E-C57625D8A17C}
		{00B44759-5503-4695-A6AD-1122C0F24286} = {FD13F9C0-D2EE-4B2B-9CC4-FFEF5F671086}
		{711D3975-468E-4929-BA52-B564F0FB9C8A} = {5F8A7CBA-DFF5-4C58-8A96-C9D1E3A4274F}
		{B19786FD-A6EC-4018-96E6-B817720172D6} = {711D3975-468E-4929-BA52-B564F0FB9C8A}
		{A10BEABE-735E-4D38-98E6-25625537581F} = {F522A8DB-11DA-4BEF-8E0E-C57625D8A17C}
		{E924AB6E-7CEF-43F4-A113-061B79F0F2CE} = {F522A8DB-11DA-4BEF-8E0E-C57625D8A17C}
		{EDD3875C-0D3A-4332-9549-ADF850614759} = {F522A8DB-11DA-4BEF-8E0E-C57625D8A17C}
		{11F61FC3-A65C-44F0-9D03-6FDE8F0BF0A7} = {F522A8DB-11DA-4BEF-8E0E-C57625D8A17C}
	EndGlobalSection
	GlobalSection(ExtensibilityGlobals) = postSolution
		SolutionGuid = {075B25F1-C629-4C10-B42D-40985E86CC6E}
	EndGlobalSection
EndGlobal
